
Microsoft Visual Studio Solution File, Format Version 12.00
# Visual Studio Version 17
VisualStudioVersion = 17.11.35327.3
MinimumVisualStudioVersion = 10.0.40219.1
Project("{FAE04EC0-301F-11D3-BF4B-00C04F79EFBC}") = "Client", "Client\Client.csproj", "{130288A3-5A75-454B-84E0-FDFC499FE399}"
EndProject
Project("{FAE04EC0-301F-11D3-BF4B-00C04F79EFBC}") = "Server", "Server\Server.csproj", "{D63B7A85-E403-4424-866F-876E6BDB0A2F}"
EndProject
Global
	GlobalSection(SolutionConfigurationPlatforms) = preSolution
		Debug|Any CPU = Debug|Any CPU
		Release|Any CPU = Release|Any CPU
	EndGlobalSection
	GlobalSection(ProjectConfigurationPlatforms) = postSolution
		{130288A3-5A75-454B-84E0-FDFC499FE399}.Debug|Any CPU.ActiveCfg = Debug|Any CPU
		{130288A3-5A75-454B-84E0-FDFC499FE399}.Debug|Any CPU.Build.0 = Debug|Any CPU
		{130288A3-5A75-454B-84E0-FDFC499FE399}.Release|Any CPU.ActiveCfg = Release|Any CPU
		{130288A3-5A75-454B-84E0-FDFC499FE399}.Release|Any CPU.Build.0 = Release|Any CPU
		{D63B7A85-E403-4424-866F-876E6BDB0A2F}.Debug|Any CPU.ActiveCfg = Debug|Any CPU
		{D63B7A85-E403-4424-866F-876E6BDB0A2F}.Debug|Any CPU.Build.0 = Debug|Any CPU
		{D63B7A85-E403-4424-866F-876E6BDB0A2F}.Release|Any CPU.ActiveCfg = Release|Any CPU
		{D63B7A85-E403-4424-866F-876E6BDB0A2F}.Release|Any CPU.Build.0 = Release|Any CPU
	EndGlobalSection
	GlobalSection(SolutionProperties) = preSolution
		HideSolutionNode = FALSE
	EndGlobalSection
	GlobalSection(ExtensibilityGlobals) = postSolution
		SolutionGuid = {A67FF6AE-3862-4A6C-B2DA-4FD09DAE15D0}
	EndGlobalSection
EndGlobal
